schema: '2.0'
stages:
  train:
    cmd: python src/train.py
    deps:
    - path: data
      hash: md5
      md5: abf792ba4b66eedf755e02bc39b94057.dir
      size: 10658895
      nfiles: 175
    - path: src/train.py
      hash: md5
      md5: 110680262bbbeca4d15ed142cf2c25b2
      size: 1793
    outs:
    - path: model
      hash: md5
      md5: d16ef9de695b94871c038d2bc924b872.dir
      size: 19462159
      nfiles: 1
